{
  "version": "5",
  "specifiers": {
    "jsr:@std/assert@1.0.16": "1.0.16",
    "jsr:@std/fmt@0.223.0": "0.223.0",
    "jsr:@std/internal@^1.0.12": "1.0.14",
    "jsr:@std/path@1.1.3": "1.1.3",
    "jsr:@std/yaml@1.0.10": "1.0.10"
  },
  "jsr": {
    "@std/assert@1.0.16": {
      "integrity": "6a7272ed1eaa77defe76e5ff63ca705d9c495077e2d5fd0126d2b53fc5bd6532",
      "dependencies": [
        "jsr:@std/internal"
      ]
    },
    "@std/fmt@0.223.0": {
      "integrity": "6deb37794127dfc7d7bded2586b9fc6f5d50e62a8134846608baf71ffc1a5208"
    },
    "@std/internal@1.0.14": {
      "integrity": "291516b3d4c35024d6ffbc0a9df5bf4c64116e05b50012cf846710152d2ffdf7"
    },
    "@std/path@1.1.3": {
      "integrity": "b015962d82a5e6daea980c32b82d2c40142149639968549c649031a230b1afb3",
      "dependencies": [
        "jsr:@std/internal"
      ]
    },
    "@std/yaml@1.0.10": {
      "integrity": "245706ea3511cc50c8c6d00339c23ea2ffa27bd2c7ea5445338f8feff31fa58e"
    }
  },
  "remote": {
    "https://deno.land/x/charmd@v0.1.2/deps.ts": "f484eb95784dd9615860a2c20ecf8a7261f761ae2274c71ba5f8a533d57e577a",
    "https://deno.land/x/charmd@v0.1.2/generator.ts": "e925e05df7abc17ab09b631b2b9cd468a4e61dea09f0e356bbf0b3b9a31a8396",
    "https://deno.land/x/charmd@v0.1.2/mdast-util-from-markdown@1_2_0-shimmed.js": "d849c879370e9d2ad34e6cb4791cc2777c33044642db0e117f2f9eb28a9e5a68",
    "https://deno.land/x/charmd@v0.1.2/mod.ts": "b28caed7cf54c99b844d643f2af380522351fb6ec8a6935d28379000fbc0417a",
    "https://deno.land/x/charmd@v0.1.2/renderer.ts": "2f149e7359b753832c5a81f9e0bbaec06ef003d571c6a89a57ea65d5b94eb927",
    "https://deno.land/x/charmd@v0.1.2/transformer.ts": "eedd83891b0a6fdc49952762f1ea0926867ebf245d1d43c89735942ebfcc717d",
    "https://deno.land/x/charmd@v0.1.2/utils.ts": "d6de98f183a7cdb4b1517bfbc719e38c4b827ff46a80b8fd4a699ba127e5083a"
  },
  "workspace": {
    "dependencies": [
      "jsr:@std/assert@1.0.16",
      "jsr:@std/path@1.1.3",
      "jsr:@std/yaml@1.0.10"
    ]
  }
}
